
Microsoft Visual Studio Solution File, Format Version 12.00
# Visual Studio 14
VisualStudioVersion = 14.0.24720.0
MinimumVisualStudioVersion = 10.0.40219.1
Project("{FAE04EC0-301F-11D3-BF4B-00C04F79EFBC}") = "nunit.templates", "nunit.templates\nunit.templates.csproj", "{0660DC45-821A-4763-9818-4D6798A3A253}"
EndProject
Project("{2150E333-8FDC-42A3-9474-1A3956D46DE8}") = "Solution Items", "Solution Items", "{39D2EB51-A8A5-4D66-8F0C-791620FB5EF3}"
	ProjectSection(SolutionItems) = preProject
		.editorconfig = .editorconfig
		.gitattributes = .gitattributes
		.gitignore = .gitignore
		LICENSE = LICENSE
		README.md = README.md
		Rebracer.xml = Rebracer.xml
	EndProjectSection
EndProject
Project("{FAE04EC0-301F-11D3-BF4B-00C04F79EFBC}") = "nunit.tests.csharp", "nunit.tests.csharp\nunit.tests.csharp.csproj", "{8EDF4429-251A-416D-BB68-93F227191BCF}"
EndProject
Project("{F184B08F-C81C-45F6-A57F-5ABD9991F28F}") = "nunit.tests.vb", "nunit.tests.vb\nunit.tests.vb.vbproj", "{6B1D4E4F-82C6-4A3F-95C6-EA1EE2C0C3CB}"
EndProject
Project("{2150E333-8FDC-42A3-9474-1A3956D46DE8}") = "xamarin", "xamarin", "{B5138D8C-725E-425D-ADCF-C298F6B88F95}"
EndProject
Project("{FAE04EC0-301F-11D3-BF4B-00C04F79EFBC}") = "nunit.tests.Droid", "xamarin\nunit.tests.Droid\nunit.tests.Droid.csproj", "{AD7B78B0-AE51-4FB7-9B11-4E22A2B538CA}"
EndProject
Project("{FAE04EC0-301F-11D3-BF4B-00C04F79EFBC}") = "nunit.tests.iOS", "xamarin\nunit.tests.iOS\nunit.tests.iOS.csproj", "{D2CED8F0-7A76-454D-B5F7-9E8B9FE6A58E}"
EndProject
Project("{FAE04EC0-301F-11D3-BF4B-00C04F79EFBC}") = "nunit.tests.uwp", "xamarin\nunit.tests.uwp\nunit.tests.uwp.csproj", "{159A55AF-9531-4107-8444-CA9C96107EF5}"
EndProject
Project("{FAE04EC0-301F-11D3-BF4B-00C04F79EFBC}") = "nunit.tests.wp81", "xamarin\nunit.tests.wp81\nunit.tests.wp81.csproj", "{1379A4DB-C7F7-48D5-B1ED-5128BE55C6AB}"
EndProject
Global
	GlobalSection(SolutionConfigurationPlatforms) = preSolution
		Ad-Hoc|Any CPU = Ad-Hoc|Any CPU
		Ad-Hoc|ARM = Ad-Hoc|ARM
		Ad-Hoc|iPhone = Ad-Hoc|iPhone
		Ad-Hoc|iPhoneSimulator = Ad-Hoc|iPhoneSimulator
		Ad-Hoc|x64 = Ad-Hoc|x64
		Ad-Hoc|x86 = Ad-Hoc|x86
		AppStore|Any CPU = AppStore|Any CPU
		AppStore|ARM = AppStore|ARM
		AppStore|iPhone = AppStore|iPhone
		AppStore|iPhoneSimulator = AppStore|iPhoneSimulator
		AppStore|x64 = AppStore|x64
		AppStore|x86 = AppStore|x86
		Debug|Any CPU = Debug|Any CPU
		Debug|ARM = Debug|ARM
		Debug|iPhone = Debug|iPhone
		Debug|iPhoneSimulator = Debug|iPhoneSimulator
		Debug|x64 = Debug|x64
		Debug|x86 = Debug|x86
		Release|Any CPU = Release|Any CPU
		Release|ARM = Release|ARM
		Release|iPhone = Release|iPhone
		Release|iPhoneSimulator = Release|iPhoneSimulator
		Release|x64 = Release|x64
		Release|x86 = Release|x86
	EndGlobalSection
	GlobalSection(ProjectConfigurationPlatforms) = postSolution
		{0660DC45-821A-4763-9818-4D6798A3A253}.Ad-Hoc|Any CPU.ActiveCfg = Release|Any CPU
		{0660DC45-821A-4763-9818-4D6798A3A253}.Ad-Hoc|Any CPU.Build.0 = Release|Any CPU
		{0660DC45-821A-4763-9818-4D6798A3A253}.Ad-Hoc|ARM.ActiveCfg = Release|Any CPU
		{0660DC45-821A-4763-9818-4D6798A3A253}.Ad-Hoc|ARM.Build.0 = Release|Any CPU
		{0660DC45-821A-4763-9818-4D6798A3A253}.Ad-Hoc|iPhone.ActiveCfg = Release|Any CPU
		{0660DC45-821A-4763-9818-4D6798A3A253}.Ad-Hoc|iPhone.Build.0 = Release|Any CPU
		{0660DC45-821A-4763-9818-4D6798A3A253}.Ad-Hoc|iPhoneSimulator.ActiveCfg = Release|Any CPU
		{0660DC45-821A-4763-9818-4D6798A3A253}.Ad-Hoc|iPhoneSimulator.Build.0 = Release|Any CPU
		{0660DC45-821A-4763-9818-4D6798A3A253}.Ad-Hoc|x64.ActiveCfg = Release|Any CPU
		{0660DC45-821A-4763-9818-4D6798A3A253}.Ad-Hoc|x64.Build.0 = Release|Any CPU
		{0660DC45-821A-4763-9818-4D6798A3A253}.Ad-Hoc|x86.ActiveCfg = Release|Any CPU
		{0660DC45-821A-4763-9818-4D6798A3A253}.Ad-Hoc|x86.Build.0 = Release|Any CPU
		{0660DC45-821A-4763-9818-4D6798A3A253}.AppStore|Any CPU.ActiveCfg = Release|Any CPU
		{0660DC45-821A-4763-9818-4D6798A3A253}.AppStore|Any CPU.Build.0 = Release|Any CPU
		{0660DC45-821A-4763-9818-4D6798A3A253}.AppStore|ARM.ActiveCfg = Release|Any CPU
		{0660DC45-821A-4763-9818-4D6798A3A253}.AppStore|ARM.Build.0 = Release|Any CPU
		{0660DC45-821A-4763-9818-4D6798A3A253}.AppStore|iPhone.ActiveCfg = Release|Any CPU
		{0660DC45-821A-4763-9818-4D6798A3A253}.AppStore|iPhone.Build.0 = Release|Any CPU
		{0660DC45-821A-4763-9818-4D6798A3A253}.AppStore|iPhoneSimulator.ActiveCfg = Release|Any CPU
		{0660DC45-821A-4763-9818-4D6798A3A253}.AppStore|iPhoneSimulator.Build.0 = Release|Any CPU
		{0660DC45-821A-4763-9818-4D6798A3A253}.AppStore|x64.ActiveCfg = Release|Any CPU
		{0660DC45-821A-4763-9818-4D6798A3A253}.AppStore|x64.Build.0 = Release|Any CPU
		{0660DC45-821A-4763-9818-4D6798A3A253}.AppStore|x86.ActiveCfg = Release|Any CPU
		{0660DC45-821A-4763-9818-4D6798A3A253}.AppStore|x86.Build.0 = Release|Any CPU
		{0660DC45-821A-4763-9818-4D6798A3A253}.Debug|Any CPU.ActiveCfg = Debug|Any CPU
		{0660DC45-821A-4763-9818-4D6798A3A253}.Debug|Any CPU.Build.0 = Debug|Any CPU
		{0660DC45-821A-4763-9818-4D6798A3A253}.Debug|ARM.ActiveCfg = Debug|Any CPU
		{0660DC45-821A-4763-9818-4D6798A3A253}.Debug|ARM.Build.0 = Debug|Any CPU
		{0660DC45-821A-4763-9818-4D6798A3A253}.Debug|iPhone.ActiveCfg = Debug|Any CPU
		{0660DC45-821A-4763-9818-4D6798A3A253}.Debug|iPhone.Build.0 = Debug|Any CPU
		{0660DC45-821A-4763-9818-4D6798A3A253}.Debug|iPhoneSimulator.ActiveCfg = Debug|Any CPU
		{0660DC45-821A-4763-9818-4D6798A3A253}.Debug|iPhoneSimulator.Build.0 = Debug|Any CPU
		{0660DC45-821A-4763-9818-4D6798A3A253}.Debug|x64.ActiveCfg = Debug|Any CPU
		{0660DC45-821A-4763-9818-4D6798A3A253}.Debug|x64.Build.0 = Debug|Any CPU
		{0660DC45-821A-4763-9818-4D6798A3A253}.Debug|x86.ActiveCfg = Debug|Any CPU
		{0660DC45-821A-4763-9818-4D6798A3A253}.Debug|x86.Build.0 = Debug|Any CPU
		{0660DC45-821A-4763-9818-4D6798A3A253}.Release|Any CPU.ActiveCfg = Release|Any CPU
		{0660DC45-821A-4763-9818-4D6798A3A253}.Release|Any CPU.Build.0 = Release|Any CPU
		{0660DC45-821A-4763-9818-4D6798A3A253}.Release|ARM.ActiveCfg = Release|Any CPU
		{0660DC45-821A-4763-9818-4D6798A3A253}.Release|ARM.Build.0 = Release|Any CPU
		{0660DC45-821A-4763-9818-4D6798A3A253}.Release|iPhone.ActiveCfg = Release|Any CPU
		{0660DC45-821A-4763-9818-4D6798A3A253}.Release|iPhone.Build.0 = Release|Any CPU
		{0660DC45-821A-4763-9818-4D6798A3A253}.Release|iPhoneSimulator.ActiveCfg = Release|Any CPU
		{0660DC45-821A-4763-9818-4D6798A3A253}.Release|iPhoneSimulator.Build.0 = Release|Any CPU
		{0660DC45-821A-4763-9818-4D6798A3A253}.Release|x64.ActiveCfg = Release|Any CPU
		{0660DC45-821A-4763-9818-4D6798A3A253}.Release|x64.Build.0 = Release|Any CPU
		{0660DC45-821A-4763-9818-4D6798A3A253}.Release|x86.ActiveCfg = Release|Any CPU
		{0660DC45-821A-4763-9818-4D6798A3A253}.Release|x86.Build.0 = Release|Any CPU
		{8EDF4429-251A-416D-BB68-93F227191BCF}.Ad-Hoc|Any CPU.ActiveCfg = Release|Any CPU
		{8EDF4429-251A-416D-BB68-93F227191BCF}.Ad-Hoc|ARM.ActiveCfg = Release|Any CPU
		{8EDF4429-251A-416D-BB68-93F227191BCF}.Ad-Hoc|iPhone.ActiveCfg = Release|Any CPU
		{8EDF4429-251A-416D-BB68-93F227191BCF}.Ad-Hoc|iPhoneSimulator.ActiveCfg = Release|Any CPU
		{8EDF4429-251A-416D-BB68-93F227191BCF}.Ad-Hoc|x64.ActiveCfg = Release|Any CPU
		{8EDF4429-251A-416D-BB68-93F227191BCF}.Ad-Hoc|x86.ActiveCfg = Release|Any CPU
		{8EDF4429-251A-416D-BB68-93F227191BCF}.AppStore|Any CPU.ActiveCfg = Release|Any CPU
		{8EDF4429-251A-416D-BB68-93F227191BCF}.AppStore|ARM.ActiveCfg = Release|Any CPU
		{8EDF4429-251A-416D-BB68-93F227191BCF}.AppStore|iPhone.ActiveCfg = Release|Any CPU
		{8EDF4429-251A-416D-BB68-93F227191BCF}.AppStore|iPhoneSimulator.ActiveCfg = Release|Any CPU
		{8EDF4429-251A-416D-BB68-93F227191BCF}.AppStore|x64.ActiveCfg = Release|Any CPU
		{8EDF4429-251A-416D-BB68-93F227191BCF}.AppStore|x86.ActiveCfg = Release|Any CPU
		{8EDF4429-251A-416D-BB68-93F227191BCF}.Debug|Any CPU.ActiveCfg = Debug|Any CPU
		{8EDF4429-251A-416D-BB68-93F227191BCF}.Debug|ARM.ActiveCfg = Debug|Any CPU
		{8EDF4429-251A-416D-BB68-93F227191BCF}.Debug|iPhone.ActiveCfg = Debug|Any CPU
		{8EDF4429-251A-416D-BB68-93F227191BCF}.Debug|iPhoneSimulator.ActiveCfg = Debug|Any CPU
		{8EDF4429-251A-416D-BB68-93F227191BCF}.Debug|x64.ActiveCfg = Debug|Any CPU
		{8EDF4429-251A-416D-BB68-93F227191BCF}.Debug|x86.ActiveCfg = Debug|Any CPU
		{8EDF4429-251A-416D-BB68-93F227191BCF}.Release|Any CPU.ActiveCfg = Release|Any CPU
		{8EDF4429-251A-416D-BB68-93F227191BCF}.Release|ARM.ActiveCfg = Release|Any CPU
		{8EDF4429-251A-416D-BB68-93F227191BCF}.Release|iPhone.ActiveCfg = Release|Any CPU
		{8EDF4429-251A-416D-BB68-93F227191BCF}.Release|iPhoneSimulator.ActiveCfg = Release|Any CPU
		{8EDF4429-251A-416D-BB68-93F227191BCF}.Release|x64.ActiveCfg = Release|Any CPU
		{8EDF4429-251A-416D-BB68-93F227191BCF}.Release|x86.ActiveCfg = Release|Any CPU
		{6B1D4E4F-82C6-4A3F-95C6-EA1EE2C0C3CB}.Ad-Hoc|Any CPU.ActiveCfg = Release|Any CPU
		{6B1D4E4F-82C6-4A3F-95C6-EA1EE2C0C3CB}.Ad-Hoc|ARM.ActiveCfg = Release|Any CPU
		{6B1D4E4F-82C6-4A3F-95C6-EA1EE2C0C3CB}.Ad-Hoc|iPhone.ActiveCfg = Release|Any CPU
		{6B1D4E4F-82C6-4A3F-95C6-EA1EE2C0C3CB}.Ad-Hoc|iPhoneSimulator.ActiveCfg = Release|Any CPU
		{6B1D4E4F-82C6-4A3F-95C6-EA1EE2C0C3CB}.Ad-Hoc|x64.ActiveCfg = Release|Any CPU
		{6B1D4E4F-82C6-4A3F-95C6-EA1EE2C0C3CB}.Ad-Hoc|x86.ActiveCfg = Release|Any CPU
		{6B1D4E4F-82C6-4A3F-95C6-EA1EE2C0C3CB}.AppStore|Any CPU.ActiveCfg = Release|Any CPU
		{6B1D4E4F-82C6-4A3F-95C6-EA1EE2C0C3CB}.AppStore|ARM.ActiveCfg = Release|Any CPU
		{6B1D4E4F-82C6-4A3F-95C6-EA1EE2C0C3CB}.AppStore|iPhone.ActiveCfg = Release|Any CPU
		{6B1D4E4F-82C6-4A3F-95C6-EA1EE2C0C3CB}.AppStore|iPhoneSimulator.ActiveCfg = Release|Any CPU
		{6B1D4E4F-82C6-4A3F-95C6-EA1EE2C0C3CB}.AppStore|x64.ActiveCfg = Release|Any CPU
		{6B1D4E4F-82C6-4A3F-95C6-EA1EE2C0C3CB}.AppStore|x86.ActiveCfg = Release|Any CPU
		{6B1D4E4F-82C6-4A3F-95C6-EA1EE2C0C3CB}.Debug|Any CPU.ActiveCfg = Debug|Any CPU
		{6B1D4E4F-82C6-4A3F-95C6-EA1EE2C0C3CB}.Debug|ARM.ActiveCfg = Debug|Any CPU
		{6B1D4E4F-82C6-4A3F-95C6-EA1EE2C0C3CB}.Debug|iPhone.ActiveCfg = Debug|Any CPU
		{6B1D4E4F-82C6-4A3F-95C6-EA1EE2C0C3CB}.Debug|iPhoneSimulator.ActiveCfg = Debug|Any CPU
		{6B1D4E4F-82C6-4A3F-95C6-EA1EE2C0C3CB}.Debug|x64.ActiveCfg = Debug|Any CPU
		{6B1D4E4F-82C6-4A3F-95C6-EA1EE2C0C3CB}.Debug|x86.ActiveCfg = Debug|Any CPU
		{6B1D4E4F-82C6-4A3F-95C6-EA1EE2C0C3CB}.Release|Any CPU.ActiveCfg = Release|Any CPU
		{6B1D4E4F-82C6-4A3F-95C6-EA1EE2C0C3CB}.Release|ARM.ActiveCfg = Release|Any CPU
		{6B1D4E4F-82C6-4A3F-95C6-EA1EE2C0C3CB}.Release|iPhone.ActiveCfg = Release|Any CPU
		{6B1D4E4F-82C6-4A3F-95C6-EA1EE2C0C3CB}.Release|iPhoneSimulator.ActiveCfg = Release|Any CPU
		{6B1D4E4F-82C6-4A3F-95C6-EA1EE2C0C3CB}.Release|x64.ActiveCfg = Release|Any CPU
		{6B1D4E4F-82C6-4A3F-95C6-EA1EE2C0C3CB}.Release|x86.ActiveCfg = Release|Any CPU
		{AD7B78B0-AE51-4FB7-9B11-4E22A2B538CA}.Ad-Hoc|Any CPU.ActiveCfg = Release|Any CPU
		{AD7B78B0-AE51-4FB7-9B11-4E22A2B538CA}.Ad-Hoc|ARM.ActiveCfg = Release|Any CPU
		{AD7B78B0-AE51-4FB7-9B11-4E22A2B538CA}.Ad-Hoc|iPhone.ActiveCfg = Release|Any CPU
		{AD7B78B0-AE51-4FB7-9B11-4E22A2B538CA}.Ad-Hoc|iPhoneSimulator.ActiveCfg = Release|Any CPU
		{AD7B78B0-AE51-4FB7-9B11-4E22A2B538CA}.Ad-Hoc|x64.ActiveCfg = Release|Any CPU
		{AD7B78B0-AE51-4FB7-9B11-4E22A2B538CA}.Ad-Hoc|x86.ActiveCfg = Release|Any CPU
		{AD7B78B0-AE51-4FB7-9B11-4E22A2B538CA}.AppStore|Any CPU.ActiveCfg = Release|Any CPU
		{AD7B78B0-AE51-4FB7-9B11-4E22A2B538CA}.AppStore|ARM.ActiveCfg = Release|Any CPU
		{AD7B78B0-AE51-4FB7-9B11-4E22A2B538CA}.AppStore|iPhone.ActiveCfg = Release|Any CPU
		{AD7B78B0-AE51-4FB7-9B11-4E22A2B538CA}.AppStore|iPhoneSimulator.ActiveCfg = Release|Any CPU
		{AD7B78B0-AE51-4FB7-9B11-4E22A2B538CA}.AppStore|x64.ActiveCfg = Release|Any CPU
		{AD7B78B0-AE51-4FB7-9B11-4E22A2B538CA}.AppStore|x86.ActiveCfg = Release|Any CPU
		{AD7B78B0-AE51-4FB7-9B11-4E22A2B538CA}.Debug|Any CPU.ActiveCfg = Debug|Any CPU
		{AD7B78B0-AE51-4FB7-9B11-4E22A2B538CA}.Debug|ARM.ActiveCfg = Debug|Any CPU
		{AD7B78B0-AE51-4FB7-9B11-4E22A2B538CA}.Debug|iPhone.ActiveCfg = Debug|Any CPU
		{AD7B78B0-AE51-4FB7-9B11-4E22A2B538CA}.Debug|iPhoneSimulator.ActiveCfg = Debug|Any CPU
		{AD7B78B0-AE51-4FB7-9B11-4E22A2B538CA}.Debug|x64.ActiveCfg = Debug|Any CPU
		{AD7B78B0-AE51-4FB7-9B11-4E22A2B538CA}.Debug|x86.ActiveCfg = Debug|Any CPU
		{AD7B78B0-AE51-4FB7-9B11-4E22A2B538CA}.Release|Any CPU.ActiveCfg = Release|Any CPU
		{AD7B78B0-AE51-4FB7-9B11-4E22A2B538CA}.Release|ARM.ActiveCfg = Release|Any CPU
		{AD7B78B0-AE51-4FB7-9B11-4E22A2B538CA}.Release|iPhone.ActiveCfg = Release|Any CPU
		{AD7B78B0-AE51-4FB7-9B11-4E22A2B538CA}.Release|iPhoneSimulator.ActiveCfg = Release|Any CPU
		{AD7B78B0-AE51-4FB7-9B11-4E22A2B538CA}.Release|x64.ActiveCfg = Release|Any CPU
		{AD7B78B0-AE51-4FB7-9B11-4E22A2B538CA}.Release|x86.ActiveCfg = Release|Any CPU
		{D2CED8F0-7A76-454D-B5F7-9E8B9FE6A58E}.Ad-Hoc|Any CPU.ActiveCfg = Ad-Hoc|iPhone
		{D2CED8F0-7A76-454D-B5F7-9E8B9FE6A58E}.Ad-Hoc|ARM.ActiveCfg = Ad-Hoc|iPhone
		{D2CED8F0-7A76-454D-B5F7-9E8B9FE6A58E}.Ad-Hoc|iPhone.ActiveCfg = Ad-Hoc|iPhone
		{D2CED8F0-7A76-454D-B5F7-9E8B9FE6A58E}.Ad-Hoc|iPhoneSimulator.ActiveCfg = Ad-Hoc|iPhoneSimulator
		{D2CED8F0-7A76-454D-B5F7-9E8B9FE6A58E}.Ad-Hoc|x64.ActiveCfg = Ad-Hoc|iPhone
		{D2CED8F0-7A76-454D-B5F7-9E8B9FE6A58E}.Ad-Hoc|x86.ActiveCfg = Ad-Hoc|iPhone
		{D2CED8F0-7A76-454D-B5F7-9E8B9FE6A58E}.AppStore|Any CPU.ActiveCfg = AppStore|iPhone
		{D2CED8F0-7A76-454D-B5F7-9E8B9FE6A58E}.AppStore|ARM.ActiveCfg = AppStore|iPhone
		{D2CED8F0-7A76-454D-B5F7-9E8B9FE6A58E}.AppStore|iPhone.ActiveCfg = AppStore|iPhone
		{D2CED8F0-7A76-454D-B5F7-9E8B9FE6A58E}.AppStore|iPhoneSimulator.ActiveCfg = AppStore|iPhoneSimulator
		{D2CED8F0-7A76-454D-B5F7-9E8B9FE6A58E}.AppStore|x64.ActiveCfg = AppStore|iPhone
		{D2CED8F0-7A76-454D-B5F7-9E8B9FE6A58E}.AppStore|x86.ActiveCfg = AppStore|iPhone
		{D2CED8F0-7A76-454D-B5F7-9E8B9FE6A58E}.Debug|Any CPU.ActiveCfg = Debug|iPhone
		{D2CED8F0-7A76-454D-B5F7-9E8B9FE6A58E}.Debug|ARM.ActiveCfg = Debug|iPhone
		{D2CED8F0-7A76-454D-B5F7-9E8B9FE6A58E}.Debug|iPhone.ActiveCfg = Debug|iPhone
		{D2CED8F0-7A76-454D-B5F7-9E8B9FE6A58E}.Debug|iPhoneSimulator.ActiveCfg = Debug|iPhoneSimulator
		{D2CED8F0-7A76-454D-B5F7-9E8B9FE6A58E}.Debug|x64.ActiveCfg = Debug|iPhone
		{D2CED8F0-7A76-454D-B5F7-9E8B9FE6A58E}.Debug|x86.ActiveCfg = Debug|iPhone
		{D2CED8F0-7A76-454D-B5F7-9E8B9FE6A58E}.Release|Any CPU.ActiveCfg = Release|iPhone
		{D2CED8F0-7A76-454D-B5F7-9E8B9FE6A58E}.Release|ARM.ActiveCfg = Release|iPhone
		{D2CED8F0-7A76-454D-B5F7-9E8B9FE6A58E}.Release|iPhone.ActiveCfg = Release|iPhone
		{D2CED8F0-7A76-454D-B5F7-9E8B9FE6A58E}.Release|iPhoneSimulator.ActiveCfg = Release|iPhoneSimulator
		{D2CED8F0-7A76-454D-B5F7-9E8B9FE6A58E}.Release|x64.ActiveCfg = Release|iPhone
		{D2CED8F0-7A76-454D-B5F7-9E8B9FE6A58E}.Release|x86.ActiveCfg = Release|iPhone
		{159A55AF-9531-4107-8444-CA9C96107EF5}.Ad-Hoc|Any CPU.ActiveCfg = Release|x86
		{159A55AF-9531-4107-8444-CA9C96107EF5}.Ad-Hoc|ARM.ActiveCfg = Release|ARM
		{159A55AF-9531-4107-8444-CA9C96107EF5}.Ad-Hoc|iPhone.ActiveCfg = Release|x86
		{159A55AF-9531-4107-8444-CA9C96107EF5}.Ad-Hoc|iPhoneSimulator.ActiveCfg = Release|x86
		{159A55AF-9531-4107-8444-CA9C96107EF5}.Ad-Hoc|x64.ActiveCfg = Release|x64
		{159A55AF-9531-4107-8444-CA9C96107EF5}.Ad-Hoc|x86.ActiveCfg = Release|x86
		{159A55AF-9531-4107-8444-CA9C96107EF5}.AppStore|Any CPU.ActiveCfg = Release|x86
		{159A55AF-9531-4107-8444-CA9C96107EF5}.AppStore|ARM.ActiveCfg = Release|ARM
		{159A55AF-9531-4107-8444-CA9C96107EF5}.AppStore|iPhone.ActiveCfg = Release|x86
		{159A55AF-9531-4107-8444-CA9C96107EF5}.AppStore|iPhoneSimulator.ActiveCfg = Release|x86
		{159A55AF-9531-4107-8444-CA9C96107EF5}.AppStore|x64.ActiveCfg = Release|x64
		{159A55AF-9531-4107-8444-CA9C96107EF5}.AppStore|x86.ActiveCfg = Release|x86
		{159A55AF-9531-4107-8444-CA9C96107EF5}.Debug|Any CPU.ActiveCfg = Debug|x86
		{159A55AF-9531-4107-8444-CA9C96107EF5}.Debug|ARM.ActiveCfg = Debug|ARM
		{159A55AF-9531-4107-8444-CA9C96107EF5}.Debug|iPhone.ActiveCfg = Debug|x86
		{159A55AF-9531-4107-8444-CA9C96107EF5}.Debug|iPhoneSimulator.ActiveCfg = Debug|x86
		{159A55AF-9531-4107-8444-CA9C96107EF5}.Debug|x64.ActiveCfg = Debug|x64
		{159A55AF-9531-4107-8444-CA9C96107EF5}.Debug|x86.ActiveCfg = Debug|x86
		{159A55AF-9531-4107-8444-CA9C96107EF5}.Release|Any CPU.ActiveCfg = Release|x86
		{159A55AF-9531-4107-8444-CA9C96107EF5}.Release|ARM.ActiveCfg = Release|ARM
		{159A55AF-9531-4107-8444-CA9C96107EF5}.Release|iPhone.ActiveCfg = Release|x86
		{159A55AF-9531-4107-8444-CA9C96107EF5}.Release|iPhoneSimulator.ActiveCfg = Release|x86
		{159A55AF-9531-4107-8444-CA9C96107EF5}.Release|x64.ActiveCfg = Release|x64
		{159A55AF-9531-4107-8444-CA9C96107EF5}.Release|x86.ActiveCfg = Release|x86
		{1379A4DB-C7F7-48D5-B1ED-5128BE55C6AB}.Ad-Hoc|Any CPU.ActiveCfg = Release|Any CPU
		{1379A4DB-C7F7-48D5-B1ED-5128BE55C6AB}.Ad-Hoc|ARM.ActiveCfg = Release|ARM
		{1379A4DB-C7F7-48D5-B1ED-5128BE55C6AB}.Ad-Hoc|iPhone.ActiveCfg = Release|Any CPU
		{1379A4DB-C7F7-48D5-B1ED-5128BE55C6AB}.Ad-Hoc|iPhoneSimulator.ActiveCfg = Release|Any CPU
		{1379A4DB-C7F7-48D5-B1ED-5128BE55C6AB}.Ad-Hoc|x64.ActiveCfg = Release|Any CPU
		{1379A4DB-C7F7-48D5-B1ED-5128BE55C6AB}.Ad-Hoc|x86.ActiveCfg = Release|x86
		{1379A4DB-C7F7-48D5-B1ED-5128BE55C6AB}.AppStore|Any CPU.ActiveCfg = Release|Any CPU
		{1379A4DB-C7F7-48D5-B1ED-5128BE55C6AB}.AppStore|ARM.ActiveCfg = Release|ARM
		{1379A4DB-C7F7-48D5-B1ED-5128BE55C6AB}.AppStore|iPhone.ActiveCfg = Release|Any CPU
		{1379A4DB-C7F7-48D5-B1ED-5128BE55C6AB}.AppStore|iPhoneSimulator.ActiveCfg = Release|Any CPU
		{1379A4DB-C7F7-48D5-B1ED-5128BE55C6AB}.AppStore|x64.ActiveCfg = Release|Any CPU
		{1379A4DB-C7F7-48D5-B1ED-5128BE55C6AB}.AppStore|x86.ActiveCfg = Release|x86
		{1379A4DB-C7F7-48D5-B1ED-5128BE55C6AB}.Debug|Any CPU.ActiveCfg = Debug|Any CPU
		{1379A4DB-C7F7-48D5-B1ED-5128BE55C6AB}.Debug|ARM.ActiveCfg = Debug|ARM
		{1379A4DB-C7F7-48D5-B1ED-5128BE55C6AB}.Debug|iPhone.ActiveCfg = Debug|Any CPU
		{1379A4DB-C7F7-48D5-B1ED-5128BE55C6AB}.Debug|iPhoneSimulator.ActiveCfg = Debug|Any CPU
		{1379A4DB-C7F7-48D5-B1ED-5128BE55C6AB}.Debug|x64.ActiveCfg = Debug|Any CPU
		{1379A4DB-C7F7-48D5-B1ED-5128BE55C6AB}.Debug|x86.ActiveCfg = Debug|x86
		{1379A4DB-C7F7-48D5-B1ED-5128BE55C6AB}.Release|Any CPU.ActiveCfg = Release|Any CPU
		{1379A4DB-C7F7-48D5-B1ED-5128BE55C6AB}.Release|ARM.ActiveCfg = Release|ARM
		{1379A4DB-C7F7-48D5-B1ED-5128BE55C6AB}.Release|iPhone.ActiveCfg = Release|Any CPU
		{1379A4DB-C7F7-48D5-B1ED-5128BE55C6AB}.Release|iPhoneSimulator.ActiveCfg = Release|Any CPU
		{1379A4DB-C7F7-48D5-B1ED-5128BE55C6AB}.Release|x64.ActiveCfg = Release|Any CPU
		{1379A4DB-C7F7-48D5-B1ED-5128BE55C6AB}.Release|x86.ActiveCfg = Release|x86
	EndGlobalSection
	GlobalSection(SolutionProperties) = preSolution
		HideSolutionNode = FALSE
	EndGlobalSection
	GlobalSection(NestedProjects) = preSolution
		{AD7B78B0-AE51-4FB7-9B11-4E22A2B538CA} = {B5138D8C-725E-425D-ADCF-C298F6B88F95}
		{D2CED8F0-7A76-454D-B5F7-9E8B9FE6A58E} = {B5138D8C-725E-425D-ADCF-C298F6B88F95}
		{159A55AF-9531-4107-8444-CA9C96107EF5} = {B5138D8C-725E-425D-ADCF-C298F6B88F95}
		{1379A4DB-C7F7-48D5-B1ED-5128BE55C6AB} = {B5138D8C-725E-425D-ADCF-C298F6B88F95}
	EndGlobalSection
EndGlobal
