
Microsoft Visual Studio Solution File, Format Version 12.00
# Visual Studio 14
VisualStudioVersion = 14.0.23107.0
MinimumVisualStudioVersion = 10.0.40219.1
Project("{FAE04EC0-301F-11D3-BF4B-00C04F79EFBC}") = "nunit.templates", "nunit.templates\nunit.templates.csproj", "{0660DC45-821A-4763-9818-4D6798A3A253}"
EndProject
Project("{2150E333-8FDC-42A3-9474-1A3956D46DE8}") = "Solution Items", "Solution Items", "{39D2EB51-A8A5-4D66-8F0C-791620FB5EF3}"
	ProjectSection(SolutionItems) = preProject
		.editorconfig = .editorconfig
		.gitattributes = .gitattributes
		.gitignore = .gitignore
		LICENSE = LICENSE
		README.md = README.md
		Rebracer.xml = Rebracer.xml
	EndProjectSection
EndProject
Project("{FAE04EC0-301F-11D3-BF4B-00C04F79EFBC}") = "nunit.tests.csharp", "nunit.tests.csharp\nunit.tests.csharp.csproj", "{8EDF4429-251A-416D-BB68-93F227191BCF}"
EndProject
Project("{F184B08F-C81C-45F6-A57F-5ABD9991F28F}") = "nunit.tests.vb", "nunit.tests.vb\nunit.tests.vb.vbproj", "{6B1D4E4F-82C6-4A3F-95C6-EA1EE2C0C3CB}"
EndProject
Global
	GlobalSection(SolutionConfigurationPlatforms) = preSolution
		Debug|Any CPU = Debug|Any CPU
		Release|Any CPU = Release|Any CPU
	EndGlobalSection
	GlobalSection(ProjectConfigurationPlatforms) = postSolution
		{0660DC45-821A-4763-9818-4D6798A3A253}.Debug|Any CPU.ActiveCfg = Debug|Any CPU
		{0660DC45-821A-4763-9818-4D6798A3A253}.Debug|Any CPU.Build.0 = Debug|Any CPU
		{0660DC45-821A-4763-9818-4D6798A3A253}.Release|Any CPU.ActiveCfg = Release|Any CPU
		{0660DC45-821A-4763-9818-4D6798A3A253}.Release|Any CPU.Build.0 = Release|Any CPU
		{8EDF4429-251A-416D-BB68-93F227191BCF}.Debug|Any CPU.ActiveCfg = Debug|Any CPU
		{8EDF4429-251A-416D-BB68-93F227191BCF}.Release|Any CPU.ActiveCfg = Release|Any CPU
		{6B1D4E4F-82C6-4A3F-95C6-EA1EE2C0C3CB}.Debug|Any CPU.ActiveCfg = Debug|Any CPU
		{6B1D4E4F-82C6-4A3F-95C6-EA1EE2C0C3CB}.Release|Any CPU.ActiveCfg = Release|Any CPU
	EndGlobalSection
	GlobalSection(SolutionProperties) = preSolution
		HideSolutionNode = FALSE
	EndGlobalSection
EndGlobal
